
Microsoft Visual Studio Solution File, Format Version 12.00
# Visual Studio Version 17
VisualStudioVersion = 17.0.31903.59
MinimumVisualStudioVersion = 10.0.40219.1
Project("{FAE04EC0-301F-11D3-BF4B-00C04F79EFBC}") = "MicroservicesBase.API", "MicroservicesBase.API\MicroservicesBase.API.csproj", "{8A6AF19D-BC9B-42DF-AA35-35CD5A5256D6}"
EndProject
Project("{FAE04EC0-301F-11D3-BF4B-00C04F79EFBC}") = "MicroservicesBase.Core", "MicroservicesBase.Core\MicroservicesBase.Core.csproj", "{BD26A559-3E96-480D-ADCB-E07454F1B9A0}"
EndProject
Project("{FAE04EC0-301F-11D3-BF4B-00C04F79EFBC}") = "MicroservicesBase.Infrastructure", "MicroservicesBase.Infrastructure\MicroservicesBase.Infrastructure.csproj", "{70CAD63B-0964-4FAA-9063-87C4A87F30BD}"
EndProject
Global
	GlobalSection(SolutionConfigurationPlatforms) = preSolution
		Debug|Any CPU = Debug|Any CPU
		Debug|x64 = Debug|x64
		Debug|x86 = Debug|x86
		Release|Any CPU = Release|Any CPU
		Release|x64 = Release|x64
		Release|x86 = Release|x86
	EndGlobalSection
	GlobalSection(ProjectConfigurationPlatforms) = postSolution
		{8A6AF19D-BC9B-42DF-AA35-35CD5A5256D6}.Debug|Any CPU.ActiveCfg = Debug|Any CPU
		{8A6AF19D-BC9B-42DF-AA35-35CD5A5256D6}.Debug|Any CPU.Build.0 = Debug|Any CPU
		{8A6AF19D-BC9B-42DF-AA35-35CD5A5256D6}.Debug|x64.ActiveCfg = Debug|Any CPU
		{8A6AF19D-BC9B-42DF-AA35-35CD5A5256D6}.Debug|x64.Build.0 = Debug|Any CPU
		{8A6AF19D-BC9B-42DF-AA35-35CD5A5256D6}.Debug|x86.ActiveCfg = Debug|Any CPU
		{8A6AF19D-BC9B-42DF-AA35-35CD5A5256D6}.Debug|x86.Build.0 = Debug|Any CPU
		{8A6AF19D-BC9B-42DF-AA35-35CD5A5256D6}.Release|Any CPU.ActiveCfg = Release|Any CPU
		{8A6AF19D-BC9B-42DF-AA35-35CD5A5256D6}.Release|Any CPU.Build.0 = Release|Any CPU
		{8A6AF19D-BC9B-42DF-AA35-35CD5A5256D6}.Release|x64.ActiveCfg = Release|Any CPU
		{8A6AF19D-BC9B-42DF-AA35-35CD5A5256D6}.Release|x64.Build.0 = Release|Any CPU
		{8A6AF19D-BC9B-42DF-AA35-35CD5A5256D6}.Release|x86.ActiveCfg = Release|Any CPU
		{8A6AF19D-BC9B-42DF-AA35-35CD5A5256D6}.Release|x86.Build.0 = Release|Any CPU
		{BD26A559-3E96-480D-ADCB-E07454F1B9A0}.Debug|Any CPU.ActiveCfg = Debug|Any CPU
		{BD26A559-3E96-480D-ADCB-E07454F1B9A0}.Debug|Any CPU.Build.0 = Debug|Any CPU
		{BD26A559-3E96-480D-ADCB-E07454F1B9A0}.Debug|x64.ActiveCfg = Debug|Any CPU
		{BD26A559-3E96-480D-ADCB-E07454F1B9A0}.Debug|x64.Build.0 = Debug|Any CPU
		{BD26A559-3E96-480D-ADCB-E07454F1B9A0}.Debug|x86.ActiveCfg = Debug|Any CPU
		{BD26A559-3E96-480D-ADCB-E07454F1B9A0}.Debug|x86.Build.0 = Debug|Any CPU
		{BD26A559-3E96-480D-ADCB-E07454F1B9A0}.Release|Any CPU.ActiveCfg = Release|Any CPU
		{BD26A559-3E96-480D-ADCB-E07454F1B9A0}.Release|Any CPU.Build.0 = Release|Any CPU
		{BD26A559-3E96-480D-ADCB-E07454F1B9A0}.Release|x64.ActiveCfg = Release|Any CPU
		{BD26A559-3E96-480D-ADCB-E07454F1B9A0}.Release|x64.Build.0 = Release|Any CPU
		{BD26A559-3E96-480D-ADCB-E07454F1B9A0}.Release|x86.ActiveCfg = Release|Any CPU
		{BD26A559-3E96-480D-ADCB-E07454F1B9A0}.Release|x86.Build.0 = Release|Any CPU
		{70CAD63B-0964-4FAA-9063-87C4A87F30BD}.Debug|Any CPU.ActiveCfg = Debug|Any CPU
		{70CAD63B-0964-4FAA-9063-87C4A87F30BD}.Debug|Any CPU.Build.0 = Debug|Any CPU
		{70CAD63B-0964-4FAA-9063-87C4A87F30BD}.Debug|x64.ActiveCfg = Debug|Any CPU
		{70CAD63B-0964-4FAA-9063-87C4A87F30BD}.Debug|x64.Build.0 = Debug|Any CPU
		{70CAD63B-0964-4FAA-9063-87C4A87F30BD}.Debug|x86.ActiveCfg = Debug|Any CPU
		{70CAD63B-0964-4FAA-9063-87C4A87F30BD}.Debug|x86.Build.0 = Debug|Any CPU
		{70CAD63B-0964-4FAA-9063-87C4A87F30BD}.Release|Any CPU.ActiveCfg = Release|Any CPU
		{70CAD63B-0964-4FAA-9063-87C4A87F30BD}.Release|Any CPU.Build.0 = Release|Any CPU
		{70CAD63B-0964-4FAA-9063-87C4A87F30BD}.Release|x64.ActiveCfg = Release|Any CPU
		{70CAD63B-0964-4FAA-9063-87C4A87F30BD}.Release|x64.Build.0 = Release|Any CPU
		{70CAD63B-0964-4FAA-9063-87C4A87F30BD}.Release|x86.ActiveCfg = Release|Any CPU
		{70CAD63B-0964-4FAA-9063-87C4A87F30BD}.Release|x86.Build.0 = Release|Any CPU
	EndGlobalSection
	GlobalSection(SolutionProperties) = preSolution
		HideSolutionNode = FALSE
	EndGlobalSection
EndGlobal
